
Microsoft Visual Studio Solution File, Format Version 12.00
# Visual Studio Version 17
VisualStudioVersion = 17.2.32526.322
MinimumVisualStudioVersion = 10.0.40219.1
Project("{FAE04EC0-301F-11D3-BF4B-00C04F79EFBC}") = "LidiaMadeTours", "LidiaMadeTours.csproj", "{EA30D820-7825-4CE0-9351-D5137B2F8B91}"
EndProject
Global
	GlobalSection(SolutionConfigurationPlatforms) = preSolution
		Debug|Any CPU = Debug|Any CPU
		Release|Any CPU = Release|Any CPU
	EndGlobalSection
	GlobalSection(ProjectConfigurationPlatforms) = postSolution
		{EA30D820-7825-4CE0-9351-D5137B2F8B91}.Debug|Any CPU.ActiveCfg = Debug|Any CPU
		{EA30D820-7825-4CE0-9351-D5137B2F8B91}.Debug|Any CPU.Build.0 = Debug|Any CPU
		{EA30D820-7825-4CE0-9351-D5137B2F8B91}.Release|Any CPU.ActiveCfg = Release|Any CPU
		{EA30D820-7825-4CE0-9351-D5137B2F8B91}.Release|Any CPU.Build.0 = Release|Any CPU
	EndGlobalSection
	GlobalSection(SolutionProperties) = preSolution
		HideSolutionNode = FALSE
	EndGlobalSection
	GlobalSection(ExtensibilityGlobals) = postSolution
		SolutionGuid = {276C6FB5-3055-45A6-B6BC-4B10B5AFF11B}
	EndGlobalSection
EndGlobal
